# This file is generated by running "yarn install" inside your project.
# Manual changes might be lost - proceed with caution!

__metadata:
  version: 8
  cacheKey: 10c0

"@jsquash/avif@npm:^1.0.2":
  version: 1.0.2
  resolution: "@jsquash/avif@npm:1.0.2"
  dependencies:
    wasm-feature-detect: "npm:^1.2.11"
  checksum: 8/1fcb422cecd4467be4008125445c21fe71059b4807e9d13cb6e1907bab9d1011b0031971e70d65298822eb68c1609dbe8e96544abca99867553803d7af18ec72
  languageName: node
  linkType: hard

"@jsquash/jpeg@npm:^1.1.5":
  version: 1.1.5
  resolution: "@jsquash/jpeg@npm:1.1.5"
  checksum: 8/d91d77d8fd317fbb911749db49bd3b42aba06acfc563768e2a32da2ede60aac9263ed82a72e1dcd36c8b42b56c3d18bc2cf365f5acbb53a4b10e5439df8d7e11
  languageName: node
  linkType: hard

"@jsquash/oxipng@npm:^2.0.0":
  version: 2.3.0
  resolution: "@jsquash/oxipng@npm:2.3.0"
  dependencies:
    wasm-feature-detect: "npm:^1.2.11"
  checksum: 10c0/5472344bc5c06529d62c50063ff840e7d867199c02977acd837532f15f6dee21112be2df3e004d504021c26c01a4f350ef83f45f4759b8008cd306029aee1328
  languageName: node
  linkType: hard

"@jsquash/resize@npm:^2.0.0":
  version: 2.0.0
  resolution: "@jsquash/resize@npm:2.0.0"
  checksum: 10c0/f094cdac0faa7a9e9e82f20c46d6fb229140f5ca382b5199861beb9c76e55442942b2c03e09279db07de585357fba147d9994173027b79d46da3cf07b9673665
  languageName: node
  linkType: hard

"@jsquash/webp@npm:^1.1.3":
  version: 1.1.3
  resolution: "@jsquash/webp@npm:1.1.3"
  dependencies:
    wasm-feature-detect: "npm:^1.2.11"
  checksum: 8/e74c6ef3b4d2e6895aacd0b054871f3f60147ccded0e67f91b2ae071d968c23cb5fd14ca6ca15f2eb5d8b6b871b1fc66f05acc4575e4fb064165d16b57d387f9
  languageName: node
  linkType: hard

"@privyid/omg@workspace:.":
  version: 0.0.0-use.local
  resolution: "@privyid/omg@workspace:."
  dependencies:
    "@jsquash/avif": "npm:^1.0.2"
    "@jsquash/jpeg": "npm:^1.1.5"
    "@jsquash/oxipng": "npm:^2.0.0"
    "@jsquash/resize": "npm:^2.0.0"
    "@jsquash/webp": "npm:^1.1.3"
  languageName: unknown
  linkType: soft

"wasm-feature-detect@npm:^1.2.11":
  version: 1.5.1
  resolution: "wasm-feature-detect@npm:1.5.1"
  checksum: 8/a99be305a83530271e47212ef138644c75bc65bcf2b2c094b22fe4e13b9ca1a2c00fdd8a01d663b338e189459a5e1f27d9cbd71c8adca3c71957beea51606193
  languageName: node
  linkType: hard
